PODS:
  - AFNetworking (4.0.1):
    - AFNetworking/NSURLSession (= 4.0.1)
    - AFNetworking/Reachability (= 4.0.1)
    - AFNetworking/Security (= 4.0.1)
    - AFNetworking/Serialization (= 4.0.1)
    - AFNetworking/UIKit (= 4.0.1)
  - AFNetworking/NSURLSession (4.0.1):
    - AFNetworking/Reachability
    - AFNetworking/Security
    - AFNetworking/Serialization
  - AFNetworking/Reachability (4.0.1)
  - AFNetworking/Security (4.0.1)
  - AFNetworking/Serialization (4.0.1)
  - GZIP (1.3.0)
  - libbase58 (0.1.4)
  - MatrixSDK (0.22.4):
    - MatrixSDK/Core (= 0.22.4)
  - MatrixSDK/Core (0.22.4):
    - AFNetworking (~> 4.0.0)
    - GZIP (~> 1.3.0)
    - libbase58 (~> 0.1.4)
    - OLMKit (~> 3.2.5)
    - Realm (= 10.16.0)
    - SwiftyBeaver (= 1.9.5)
  - OLMKit (3.2.5):
    - OLMKit/olmc (= 3.2.5)
    - OLMKit/olmcpp (= 3.2.5)
  - OLMKit/olmc (3.2.5)
  - OLMKit/olmcpp (3.2.5)
  - Realm (10.16.0):
    - Realm/Headers (= 10.16.0)
  - Realm/Headers (10.16.0)
  - SwiftyBeaver (1.9.5)

DEPENDENCIES:
  - MatrixSDK (~> 0.22.0)

SPEC REPOS:
  trunk:
    - AFNetworking
    - GZIP
    - libbase58
    - MatrixSDK
    - OLMKit
    - Realm
    - SwiftyBeaver

SPEC CHECKSUMS:
  AFNetworking: 7864c38297c79aaca1500c33288e429c3451fdce
  GZIP: 416858efbe66b41b206895ac6dfd5493200d95b3
  libbase58: 7c040313537b8c44b6e2d15586af8e21f7354efd
  MatrixSDK: 0991e467a7da936fc5f7cdf0a277cd86a55cb4c0
  OLMKit: 9fb4799c4a044dd2c06bda31ec31a12191ad30b5
  Realm: b6027801398f3743fc222f096faa85281b506e6c
  SwiftyBeaver: 84069991dd5dca07d7069100985badaca7f0ce82

PODFILE CHECKSUM: 6d3881ebe99acdd7d83296f377576e1ab353a179

COCOAPODS: 1.11.2
