// !$*UTF8*$!
{
	archiveVersion = 1;
	classes = {
	};
	objectVersion = 52;
	objects = {

/* Begin PBXBuildFile section */
		4082C2A88270B9588DF87A4F /* Pods_Eigen.framework in Frameworks */ = {isa = PBXBuildFile; fileRef = 752F28AA0410009AFC2FDF89 /* Pods_Eigen.framework */; };
		8D043B44277518120040DD09 /* Extensions.swift in Sources */ = {isa = PBXBuildFile; fileRef = 8D043B43277518120040DD09 /* Extensions.swift */; };
		8D1F3DE228550317003A7EF7 /* InfiniteList.swift in Sources */ = {isa = PBXBuildFile; fileRef = 8D1F3DE128550317003A7EF7 /* InfiniteList.swift */; };
		8D2D4237299347DA00D2D39C /* AuthenticatedContentView.swift in Sources */ = {isa = PBXBuildFile; fileRef = 8D2D4236299347DA00D2D39C /* AuthenticatedContentView.swift */; };
		8D2E1FDF2775A8700010089D /* KeychainInterface.swift in Sources */ = {isa = PBXBuildFile; fileRef = 8D2E1FDE2775A8700010089D /* KeychainInterface.swift */; };
		8D306A0E277B96EF00F7FC7C /* UserAvatarView.swift in Sources */ = {isa = PBXBuildFile; fileRef = 8D306A0D277B96EF00F7FC7C /* UserAvatarView.swift */; };
		8D33F3DE27744BDC00789812 /* MatrixModel.swift in Sources */ = {isa = PBXBuildFile; fileRef = 8D33F3DD27744BDC00789812 /* MatrixModel.swift */; };
		8D3BB58B26BF484500AE0FE2 /* EigenApp.swift in Sources */ = {isa = PBXBuildFile; fileRef = 8D3BB58A26BF484500AE0FE2 /* EigenApp.swift */; };
		8D3BB58D26BF484500AE0FE2 /* ContentView.swift in Sources */ = {isa = PBXBuildFile; fileRef = 8D3BB58C26BF484500AE0FE2 /* ContentView.swift */; };
		8D3BB58F26BF484600AE0FE2 /* Assets.xcassets in Resources */ = {isa = PBXBuildFile; fileRef = 8D3BB58E26BF484600AE0FE2 /* Assets.xcassets */; };
		8D3BB59226BF484600AE0FE2 /* Preview Assets.xcassets in Resources */ = {isa = PBXBuildFile; fileRef = 8D3BB59126BF484600AE0FE2 /* Preview Assets.xcassets */; };
		8D3BB59C26BF486300AE0FE2 /* ConversationList.swift in Sources */ = {isa = PBXBuildFile; fileRef = 8D3BB59B26BF486300AE0FE2 /* ConversationList.swift */; };
		8D3BB59E26BF4C7B00AE0FE2 /* ConversationDetail.swift in Sources */ = {isa = PBXBuildFile; fileRef = 8D3BB59D26BF4C7B00AE0FE2 /* ConversationDetail.swift */; };
		8D727C6827779C9E00C6585D /* MemberEventView.swift in Sources */ = {isa = PBXBuildFile; fileRef = 8D727C6727779C9E00C6585D /* MemberEventView.swift */; };
		8D727C6D2777A4E000C6585D /* EventList.swift in Sources */ = {isa = PBXBuildFile; fileRef = 8D727C6C2777A4E000C6585D /* EventList.swift */; };
		8D77044B2884A0C200A8E4AE /* ConversationDetailToolbar.swift in Sources */ = {isa = PBXBuildFile; fileRef = 8D77044A2884A0C200A8E4AE /* ConversationDetailToolbar.swift */; };
		8D813B5B2774168600782363 /* NotificationList.swift in Sources */ = {isa = PBXBuildFile; fileRef = 8D813B5A2774168600782363 /* NotificationList.swift */; };
		8D813B5D2774168F00782363 /* RecentsList.swift in Sources */ = {isa = PBXBuildFile; fileRef = 8D813B5C2774168F00782363 /* RecentsList.swift */; };
		8D813B5F277416B800782363 /* SearchResults.swift in Sources */ = {isa = PBXBuildFile; fileRef = 8D813B5E277416B800782363 /* SearchResults.swift */; };
		8D853A5C2852586800596A0C /* NotificationInterface.swift in Sources */ = {isa = PBXBuildFile; fileRef = 8D853A5B2852586700596A0C /* NotificationInterface.swift */; };
		8DB9913627B5B4D60040F17E /* PreferencesView.swift in Sources */ = {isa = PBXBuildFile; fileRef = 8DB9913527B5B4D60040F17E /* PreferencesView.swift */; };
		8DBF77B72774DFA900083ADB /* ConversationDetailInfo.swift in Sources */ = {isa = PBXBuildFile; fileRef = 8DBF77B62774DFA900083ADB /* ConversationDetailInfo.swift */; };
		8DBF77BC2774E7A200083ADB /* MessageEventView.swift in Sources */ = {isa = PBXBuildFile; fileRef = 8DBF77BB2774E7A100083ADB /* MessageEventView.swift */; };
		8DC88AB22884DAAE00F56F04 /* UserDefaultsStorage.swift in Sources */ = {isa = PBXBuildFile; fileRef = 8DC88AB12884DAAE00F56F04 /* UserDefaultsStorage.swift */; };
		8DC88AB42884EAF500F56F04 /* CallInviteEventView.swift in Sources */ = {isa = PBXBuildFile; fileRef = 8DC88AB32884EAF500F56F04 /* CallInviteEventView.swift */; };
		8DC88AB82884F05500F56F04 /* EventView.swift in Sources */ = {isa = PBXBuildFile; fileRef = 8DC88AB72884F05500F56F04 /* EventView.swift */; };
		8DC88ABA288505B800F56F04 /* CallRejectEventView.swift in Sources */ = {isa = PBXBuildFile; fileRef = 8DC88AB9288505B800F56F04 /* CallRejectEventView.swift */; };
		8DC88ABC288505D500F56F04 /* CallHangupEventView.swift in Sources */ = {isa = PBXBuildFile; fileRef = 8DC88ABB288505D500F56F04 /* CallHangupEventView.swift */; };
		8DD4EDFA27754DF800C075C1 /* LoginView.swift in Sources */ = {isa = PBXBuildFile; fileRef = 8DD4EDF927754DF800C075C1 /* LoginView.swift */; };
		8DE095632776AA2E0034C4A3 /* ProfileView.swift in Sources */ = {isa = PBXBuildFile; fileRef = 8DE095622776AA2E0034C4A3 /* ProfileView.swift */; };
		8DE095662776C4A00034C4A3 /* CachedAsyncImage in Frameworks */ = {isa = PBXBuildFile; productRef = 8DE095652776C4A00034C4A3 /* CachedAsyncImage */; };
		8DF98254286797F600EE1F97 /* Constants.swift in Sources */ = {isa = PBXBuildFile; fileRef = 8DF98253286797F600EE1F97 /* Constants.swift */; };
		8DF9825628679BA000EE1F97 /* MessageEventImageView.swift in Sources */ = {isa = PBXBuildFile; fileRef = 8DF9825528679BA000EE1F97 /* MessageEventImageView.swift */; };
		8DFEE68F29932132006D55FF /* AvatarView.swift in Sources */ = {isa = PBXBuildFile; fileRef = 8DFEE68E29932132006D55FF /* AvatarView.swift */; };
/* End PBXBuildFile section */

/* Begin PBXFileReference section */
		02A13B2272602682448189D0 /* Pods-Eigen.release.xcconfig */ = {isa = PBXFileReference; includeInIndex = 1; lastKnownFileType = text.xcconfig; name = "Pods-Eigen.release.xcconfig"; path = "Target Support Files/Pods-Eigen/Pods-Eigen.release.xcconfig"; sourceTree = "<group>"; };
		4704081D2EFD5D1671268DBD /* Pods-Eigen.debug.xcconfig */ = {isa = PBXFileReference; includeInIndex = 1; lastKnownFileType = text.xcconfig; name = "Pods-Eigen.debug.xcconfig"; path = "Target Support Files/Pods-Eigen/Pods-Eigen.debug.xcconfig"; sourceTree = "<group>"; };
		752F28AA0410009AFC2FDF89 /* Pods_Eigen.framework */ = {isa = PBXFileReference; explicitFileType = wrapper.framework; includeInIndex = 0; path = Pods_Eigen.framework; sourceTree = BUILT_PRODUCTS_DIR; };
		8D043B43277518120040DD09 /* Extensions.swift */ = {isa = PBXFileReference; lastKnownFileType = sourcecode.swift; path = Extensions.swift; sourceTree = "<group>"; };
		8D1F3DE128550317003A7EF7 /* InfiniteList.swift */ = {isa = PBXFileReference; lastKnownFileType = sourcecode.swift; path = InfiniteList.swift; sourceTree = "<group>"; };
		8D2D4236299347DA00D2D39C /* AuthenticatedContentView.swift */ = {isa = PBXFileReference; lastKnownFileType = sourcecode.swift; path = AuthenticatedContentView.swift; sourceTree = "<group>"; };
		8D2E1FDE2775A8700010089D /* KeychainInterface.swift */ = {isa = PBXFileReference; lastKnownFileType = sourcecode.swift; path = KeychainInterface.swift; sourceTree = "<group>"; };
		8D306A0D277B96EF00F7FC7C /* UserAvatarView.swift */ = {isa = PBXFileReference; lastKnownFileType = sourcecode.swift; path = UserAvatarView.swift; sourceTree = "<group>"; };
		8D33F3DD27744BDC00789812 /* MatrixModel.swift */ = {isa = PBXFileReference; lastKnownFileType = sourcecode.swift; path = MatrixModel.swift; sourceTree = "<group>"; };
		8D3BB58726BF484500AE0FE2 /* Eigen.app */ = {isa = PBXFileReference; explicitFileType = wrapper.application; includeInIndex = 0; path = Eigen.app; sourceTree = BUILT_PRODUCTS_DIR; };
		8D3BB58A26BF484500AE0FE2 /* EigenApp.swift */ = {isa = PBXFileReference; lastKnownFileType = sourcecode.swift; path = EigenApp.swift; sourceTree = "<group>"; };
		8D3BB58C26BF484500AE0FE2 /* ContentView.swift */ = {isa = PBXFileReference; lastKnownFileType = sourcecode.swift; path = ContentView.swift; sourceTree = "<group>"; };
		8D3BB58E26BF484600AE0FE2 /* Assets.xcassets */ = {isa = PBXFileReference; lastKnownFileType = folder.assetcatalog; path = Assets.xcassets; sourceTree = "<group>"; };
		8D3BB59126BF484600AE0FE2 /* Preview Assets.xcassets */ = {isa = PBXFileReference; lastKnownFileType = folder.assetcatalog; path = "Preview Assets.xcassets"; sourceTree = "<group>"; };
		8D3BB59326BF484600AE0FE2 /* Info.plist */ = {isa = PBXFileReference; lastKnownFileType = text.plist.xml; path = Info.plist; sourceTree = "<group>"; };
		8D3BB59426BF484600AE0FE2 /* Eigen.entitlements */ = {isa = PBXFileReference; lastKnownFileType = text.plist.entitlements; path = Eigen.entitlements; sourceTree = "<group>"; };
		8D3BB59B26BF486300AE0FE2 /* ConversationList.swift */ = {isa = PBXFileReference; lastKnownFileType = sourcecode.swift; path = ConversationList.swift; sourceTree = "<group>"; };
		8D3BB59D26BF4C7B00AE0FE2 /* ConversationDetail.swift */ = {isa = PBXFileReference; lastKnownFileType = sourcecode.swift; path = ConversationDetail.swift; sourceTree = "<group>"; };
		8D727C6727779C9E00C6585D /* MemberEventView.swift */ = {isa = PBXFileReference; lastKnownFileType = sourcecode.swift; path = MemberEventView.swift; sourceTree = "<group>"; };
		8D727C6C2777A4E000C6585D /* EventList.swift */ = {isa = PBXFileReference; lastKnownFileType = sourcecode.swift; path = EventList.swift; sourceTree = "<group>"; };
		8D77044A2884A0C200A8E4AE /* ConversationDetailToolbar.swift */ = {isa = PBXFileReference; lastKnownFileType = sourcecode.swift; path = ConversationDetailToolbar.swift; sourceTree = "<group>"; };
		8D813B5A2774168600782363 /* NotificationList.swift */ = {isa = PBXFileReference; lastKnownFileType = sourcecode.swift; path = NotificationList.swift; sourceTree = "<group>"; };
		8D813B5C2774168F00782363 /* RecentsList.swift */ = {isa = PBXFileReference; lastKnownFileType = sourcecode.swift; path = RecentsList.swift; sourceTree = "<group>"; };
		8D813B5E277416B800782363 /* SearchResults.swift */ = {isa = PBXFileReference; lastKnownFileType = sourcecode.swift; path = SearchResults.swift; sourceTree = "<group>"; };
		8D853A5B2852586700596A0C /* NotificationInterface.swift */ = {isa = PBXFileReference; lastKnownFileType = sourcecode.swift; path = NotificationInterface.swift; sourceTree = "<group>"; };
		8D8A1C2B288285F4006E90B2 /* GlobalConfig.xcconfig */ = {isa = PBXFileReference; lastKnownFileType = text.xcconfig; path = GlobalConfig.xcconfig; sourceTree = "<group>"; };
		8D8A1C2E28828741006E90B2 /* LocalConfig.xcconfig */ = {isa = PBXFileReference; lastKnownFileType = text.xcconfig; path = LocalConfig.xcconfig; sourceTree = "<group>"; };
		8DB9913527B5B4D60040F17E /* PreferencesView.swift */ = {isa = PBXFileReference; lastKnownFileType = sourcecode.swift; path = PreferencesView.swift; sourceTree = "<group>"; };
		8DBF77B62774DFA900083ADB /* ConversationDetailInfo.swift */ = {isa = PBXFileReference; lastKnownFileType = sourcecode.swift; path = ConversationDetailInfo.swift; sourceTree = "<group>"; };
		8DBF77BB2774E7A100083ADB /* MessageEventView.swift */ = {isa = PBXFileReference; lastKnownFileType = sourcecode.swift; path = MessageEventView.swift; sourceTree = "<group>"; };
		8DC88AB12884DAAE00F56F04 /* UserDefaultsStorage.swift */ = {isa = PBXFileReference; lastKnownFileType = sourcecode.swift; path = UserDefaultsStorage.swift; sourceTree = "<group>"; };
		8DC88AB32884EAF500F56F04 /* CallInviteEventView.swift */ = {isa = PBXFileReference; lastKnownFileType = sourcecode.swift; path = CallInviteEventView.swift; sourceTree = "<group>"; };
		8DC88AB72884F05500F56F04 /* EventView.swift */ = {isa = PBXFileReference; lastKnownFileType = sourcecode.swift; path = EventView.swift; sourceTree = "<group>"; };
		8DC88AB9288505B800F56F04 /* CallRejectEventView.swift */ = {isa = PBXFileReference; lastKnownFileType = sourcecode.swift; path = CallRejectEventView.swift; sourceTree = "<group>"; };
		8DC88ABB288505D500F56F04 /* CallHangupEventView.swift */ = {isa = PBXFileReference; lastKnownFileType = sourcecode.swift; path = CallHangupEventView.swift; sourceTree = "<group>"; };
		8DD4EDF927754DF800C075C1 /* LoginView.swift */ = {isa = PBXFileReference; lastKnownFileType = sourcecode.swift; path = LoginView.swift; sourceTree = "<group>"; };
		8DE095622776AA2E0034C4A3 /* ProfileView.swift */ = {isa = PBXFileReference; lastKnownFileType = sourcecode.swift; path = ProfileView.swift; sourceTree = "<group>"; };
		8DF98253286797F600EE1F97 /* Constants.swift */ = {isa = PBXFileReference; lastKnownFileType = sourcecode.swift; path = Constants.swift; sourceTree = "<group>"; };
		8DF9825528679BA000EE1F97 /* MessageEventImageView.swift */ = {isa = PBXFileReference; lastKnownFileType = sourcecode.swift; path = MessageEventImageView.swift; sourceTree = "<group>"; };
		8DFEE68E29932132006D55FF /* AvatarView.swift */ = {isa = PBXFileReference; lastKnownFileType = sourcecode.swift; path = AvatarView.swift; sourceTree = "<group>"; };
/* End PBXFileReference section */

/* Begin PBXFrameworksBuildPhase section */
		8D3BB58426BF484500AE0FE2 /* Frameworks */ = {
			isa = PBXFrameworksBuildPhase;
			buildActionMask = 2147483647;
			files = (
				4082C2A88270B9588DF87A4F /* Pods_Eigen.framework in Frameworks */,
				8DE095662776C4A00034C4A3 /* CachedAsyncImage in Frameworks */,
			);
			runOnlyForDeploymentPostprocessing = 0;
		};
/* End PBXFrameworksBuildPhase section */

/* Begin PBXGroup section */
		21210A7971590F5E50935A17 /* Frameworks */ = {
			isa = PBXGroup;
			children = (
				752F28AA0410009AFC2FDF89 /* Pods_Eigen.framework */,
			);
			name = Frameworks;
			sourceTree = "<group>";
		};
		8CB7867301B55D8BBB367FB3 /* Pods */ = {
			isa = PBXGroup;
			children = (
				4704081D2EFD5D1671268DBD /* Pods-Eigen.debug.xcconfig */,
				02A13B2272602682448189D0 /* Pods-Eigen.release.xcconfig */,
			);
			path = Pods;
			sourceTree = "<group>";
		};
		8D04C84A27779A9A00407726 /* Event */ = {
			isa = PBXGroup;
			children = (
				8D727C6C2777A4E000C6585D /* EventList.swift */,
				8DC88AB72884F05500F56F04 /* EventView.swift */,
				8DBF77BB2774E7A100083ADB /* MessageEventView.swift */,
				8D727C6727779C9E00C6585D /* MemberEventView.swift */,
				8DF9825528679BA000EE1F97 /* MessageEventImageView.swift */,
				8DC88AB32884EAF500F56F04 /* CallInviteEventView.swift */,
				8DC88AB9288505B800F56F04 /* CallRejectEventView.swift */,
				8DC88ABB288505D500F56F04 /* CallHangupEventView.swift */,
			);
			path = Event;
			sourceTree = "<group>";
		};
		8D3BB57E26BF484500AE0FE2 = {
			isa = PBXGroup;
			children = (
				8D3BB58926BF484500AE0FE2 /* Eigen */,
				8D8A1C2D288285FB006E90B2 /* Configs */,
				8D3BB58826BF484500AE0FE2 /* Products */,
				8CB7867301B55D8BBB367FB3 /* Pods */,
				21210A7971590F5E50935A17 /* Frameworks */,
			);
			sourceTree = "<group>";
		};
		8D3BB58826BF484500AE0FE2 /* Products */ = {
			isa = PBXGroup;
			children = (
				8D3BB58726BF484500AE0FE2 /* Eigen.app */,
			);
			name = Products;
			sourceTree = "<group>";
		};
		8D3BB58926BF484500AE0FE2 /* Eigen */ = {
			isa = PBXGroup;
			children = (
				8D3BB58A26BF484500AE0FE2 /* EigenApp.swift */,
				8D3BB58C26BF484500AE0FE2 /* ContentView.swift */,
				8D2D4236299347DA00D2D39C /* AuthenticatedContentView.swift */,
				8D3BB59A26BF485000AE0FE2 /* Views */,
				8D727C6927779DBB00C6585D /* Shared */,
				8D3BB58E26BF484600AE0FE2 /* Assets.xcassets */,
				8D3BB59326BF484600AE0FE2 /* Info.plist */,
				8D3BB59426BF484600AE0FE2 /* Eigen.entitlements */,
				8D3BB59026BF484600AE0FE2 /* Preview Content */,
			);
			path = Eigen;
			sourceTree = "<group>";
		};
		8D3BB59026BF484600AE0FE2 /* Preview Content */ = {
			isa = PBXGroup;
			children = (
				8D3BB59126BF484600AE0FE2 /* Preview Assets.xcassets */,
			);
			path = "Preview Content";
			sourceTree = "<group>";
		};
		8D3BB59A26BF485000AE0FE2 /* Views */ = {
			isa = PBXGroup;
			children = (
				8DBF77B82774DFB900083ADB /* Conversation */,
				8D813B5A2774168600782363 /* NotificationList.swift */,
				8D813B5C2774168F00782363 /* RecentsList.swift */,
				8D813B5E277416B800782363 /* SearchResults.swift */,
				8DD4EDF927754DF800C075C1 /* LoginView.swift */,
				8DE095622776AA2E0034C4A3 /* ProfileView.swift */,
				8D306A0D277B96EF00F7FC7C /* UserAvatarView.swift */,
				8DFEE68E29932132006D55FF /* AvatarView.swift */,
				8DB9913527B5B4D60040F17E /* PreferencesView.swift */,
			);
			path = Views;
			sourceTree = "<group>";
		};
		8D727C6927779DBB00C6585D /* Shared */ = {
			isa = PBXGroup;
			children = (
				8D33F3DD27744BDC00789812 /* MatrixModel.swift */,
				8D043B43277518120040DD09 /* Extensions.swift */,
				8D2E1FDE2775A8700010089D /* KeychainInterface.swift */,
				8D853A5B2852586700596A0C /* NotificationInterface.swift */,
				8D1F3DE128550317003A7EF7 /* InfiniteList.swift */,
				8DF98253286797F600EE1F97 /* Constants.swift */,
				8DC88AB12884DAAE00F56F04 /* UserDefaultsStorage.swift */,
			);
			path = Shared;
			sourceTree = "<group>";
		};
		8D8A1C2D288285FB006E90B2 /* Configs */ = {
			isa = PBXGroup;
			children = (
				8D8A1C2B288285F4006E90B2 /* GlobalConfig.xcconfig */,
				8D8A1C2E28828741006E90B2 /* LocalConfig.xcconfig */,
			);
			path = Configs;
			sourceTree = "<group>";
		};
		8DBF77B82774DFB900083ADB /* Conversation */ = {
			isa = PBXGroup;
			children = (
				8D04C84A27779A9A00407726 /* Event */,
				8D3BB59B26BF486300AE0FE2 /* ConversationList.swift */,
				8D3BB59D26BF4C7B00AE0FE2 /* ConversationDetail.swift */,
				8DBF77B62774DFA900083ADB /* ConversationDetailInfo.swift */,
				8D77044A2884A0C200A8E4AE /* ConversationDetailToolbar.swift */,
			);
			path = Conversation;
			sourceTree = "<group>";
		};
/* End PBXGroup section */

/* Begin PBXNativeTarget section */
		8D3BB58626BF484500AE0FE2 /* Eigen */ = {
			isa = PBXNativeTarget;
			buildConfigurationList = 8D3BB59726BF484600AE0FE2 /* Build configuration list for PBXNativeTarget "Eigen" */;
			buildPhases = (
				3DAC57D3663B0F226C27E405 /* [CP] Check Pods Manifest.lock */,
				8D3BB58326BF484500AE0FE2 /* Sources */,
				8D3BB58426BF484500AE0FE2 /* Frameworks */,
				8D3BB58526BF484500AE0FE2 /* Resources */,
				4F10C5934FFED6B604A22C52 /* [CP] Embed Pods Frameworks */,
			);
			buildRules = (
			);
			dependencies = (
			);
			name = Eigen;
			packageProductDependencies = (
				8DE095652776C4A00034C4A3 /* CachedAsyncImage */,
			);
			productName = Eigen;
			productReference = 8D3BB58726BF484500AE0FE2 /* Eigen.app */;
			productType = "com.apple.product-type.application";
		};
/* End PBXNativeTarget section */

/* Begin PBXProject section */
		8D3BB57F26BF484500AE0FE2 /* Project object */ = {
			isa = PBXProject;
			attributes = {
				LastSwiftUpdateCheck = 1320;
				LastUpgradeCheck = 1400;
				TargetAttributes = {
					8D3BB58626BF484500AE0FE2 = {
						CreatedOnToolsVersion = 12.5.1;
					};
				};
			};
			buildConfigurationList = 8D3BB58226BF484500AE0FE2 /* Build configuration list for PBXProject "Eigen" */;
			compatibilityVersion = "Xcode 9.3";
			developmentRegion = en;
			hasScannedForEncodings = 0;
			knownRegions = (
				en,
				Base,
			);
			mainGroup = 8D3BB57E26BF484500AE0FE2;
			packageReferences = (
				8DE095642776C4A00034C4A3 /* XCRemoteSwiftPackageReference "SwiftUI-CachedAsyncImage" */,
			);
			productRefGroup = 8D3BB58826BF484500AE0FE2 /* Products */;
			projectDirPath = "";
			projectRoot = "";
			targets = (
				8D3BB58626BF484500AE0FE2 /* Eigen */,
			);
		};
/* End PBXProject section */

/* Begin PBXResourcesBuildPhase section */
		8D3BB58526BF484500AE0FE2 /* Resources */ = {
			isa = PBXResourcesBuildPhase;
			buildActionMask = 2147483647;
			files = (
				8D3BB59226BF484600AE0FE2 /* Preview Assets.xcassets in Resources */,
				8D3BB58F26BF484600AE0FE2 /* Assets.xcassets in Resources */,
			);
			runOnlyForDeploymentPostprocessing = 0;
		};
/* End PBXResourcesBuildPhase section */

/* Begin PBXShellScriptBuildPhase section */
		3DAC57D3663B0F226C27E405 /* [CP] Check Pods Manifest.lock */ = {
			isa = PBXShellScriptBuildPhase;
			buildActionMask = 2147483647;
			files = (
			);
			inputFileListPaths = (
			);
			inputPaths = (
				"${PODS_PODFILE_DIR_PATH}/Podfile.lock",
				"${PODS_ROOT}/Manifest.lock",
			);
			name = "[CP] Check Pods Manifest.lock";
			outputFileListPaths = (
			);
			outputPaths = (
				"$(DERIVED_FILE_DIR)/Pods-Eigen-checkManifestLockResult.txt",
			);
			runOnlyForDeploymentPostprocessing = 0;
			shellPath = /bin/sh;
			shellScript = "diff \"${PODS_PODFILE_DIR_PATH}/Podfile.lock\" \"${PODS_ROOT}/Manifest.lock\" > /dev/null\nif [ $? != 0 ] ; then\n    # print error to STDERR\n    echo \"error: The sandbox is not in sync with the Podfile.lock. Run 'pod install' or update your CocoaPods installation.\" >&2\n    exit 1\nfi\n# This output is used by Xcode 'outputs' to avoid re-running this script phase.\necho \"SUCCESS\" > \"${SCRIPT_OUTPUT_FILE_0}\"\n";
			showEnvVarsInLog = 0;
		};
		4F10C5934FFED6B604A22C52 /* [CP] Embed Pods Frameworks */ = {
			isa = PBXShellScriptBuildPhase;
			buildActionMask = 2147483647;
			files = (
			);
			inputFileListPaths = (
				"${PODS_ROOT}/Target Support Files/Pods-Eigen/Pods-Eigen-frameworks-${CONFIGURATION}-input-files.xcfilelist",
			);
			name = "[CP] Embed Pods Frameworks";
			outputFileListPaths = (
				"${PODS_ROOT}/Target Support Files/Pods-Eigen/Pods-Eigen-frameworks-${CONFIGURATION}-output-files.xcfilelist",
			);
			runOnlyForDeploymentPostprocessing = 0;
			shellPath = /bin/sh;
			shellScript = "\"${PODS_ROOT}/Target Support Files/Pods-Eigen/Pods-Eigen-frameworks.sh\"\n";
			showEnvVarsInLog = 0;
		};
/* End PBXShellScriptBuildPhase section */

/* Begin PBXSourcesBuildPhase section */
		8D3BB58326BF484500AE0FE2 /* Sources */ = {
			isa = PBXSourcesBuildPhase;
			buildActionMask = 2147483647;
			files = (
				8DBF77B72774DFA900083ADB /* ConversationDetailInfo.swift in Sources */,
				8D3BB58D26BF484500AE0FE2 /* ContentView.swift in Sources */,
				8D3BB59E26BF4C7B00AE0FE2 /* ConversationDetail.swift in Sources */,
				8D2E1FDF2775A8700010089D /* KeychainInterface.swift in Sources */,
				8D306A0E277B96EF00F7FC7C /* UserAvatarView.swift in Sources */,
				8DBF77BC2774E7A200083ADB /* MessageEventView.swift in Sources */,
				8D33F3DE27744BDC00789812 /* MatrixModel.swift in Sources */,
				8DC88ABA288505B800F56F04 /* CallRejectEventView.swift in Sources */,
				8DC88AB82884F05500F56F04 /* EventView.swift in Sources */,
				8DE095632776AA2E0034C4A3 /* ProfileView.swift in Sources */,
				8D813B5D2774168F00782363 /* RecentsList.swift in Sources */,
				8D727C6D2777A4E000C6585D /* EventList.swift in Sources */,
				8D77044B2884A0C200A8E4AE /* ConversationDetailToolbar.swift in Sources */,
				8D043B44277518120040DD09 /* Extensions.swift in Sources */,
				8DF98254286797F600EE1F97 /* Constants.swift in Sources */,
				8D727C6827779C9E00C6585D /* MemberEventView.swift in Sources */,
				8D2D4237299347DA00D2D39C /* AuthenticatedContentView.swift in Sources */,
				8D1F3DE228550317003A7EF7 /* InfiniteList.swift in Sources */,
				8D3BB59C26BF486300AE0FE2 /* ConversationList.swift in Sources */,
				8DC88AB22884DAAE00F56F04 /* UserDefaultsStorage.swift in Sources */,
				8DB9913627B5B4D60040F17E /* PreferencesView.swift in Sources */,
				8D813B5F277416B800782363 /* SearchResults.swift in Sources */,
				8DF9825628679BA000EE1F97 /* MessageEventImageView.swift in Sources */,
				8DC88ABC288505D500F56F04 /* CallHangupEventView.swift in Sources */,
				8DFEE68F29932132006D55FF /* AvatarView.swift in Sources */,
				8DD4EDFA27754DF800C075C1 /* LoginView.swift in Sources */,
				8D3BB58B26BF484500AE0FE2 /* EigenApp.swift in Sources */,
				8DC88AB42884EAF500F56F04 /* CallInviteEventView.swift in Sources */,
				8D813B5B2774168600782363 /* NotificationList.swift in Sources */,
				8D853A5C2852586800596A0C /* NotificationInterface.swift in Sources */,
			);
			runOnlyForDeploymentPostprocessing = 0;
		};
/* End PBXSourcesBuildPhase section */

/* Begin XCBuildConfiguration section */
		8D3BB59526BF484600AE0FE2 /* Debug */ = {
			isa = XCBuildConfiguration;
			baseConfigurationReference = 8D8A1C2B288285F4006E90B2 /* GlobalConfig.xcconfig */;
			buildSettings = {
				ALWAYS_SEARCH_USER_PATHS = NO;
				CLANG_ANALYZER_NONNULL = YES;
				CLANG_ANALYZER_NUMBER_OBJECT_CONVERSION = YES_AGGRESSIVE;
				CLANG_CXX_LANGUAGE_STANDARD = "gnu++14";
				CLANG_CXX_LIBRARY = "libc++";
				CLANG_ENABLE_MODULES = YES;
				CLANG_ENABLE_OBJC_ARC = YES;
				CLANG_ENABLE_OBJC_WEAK = YES;
				CLANG_WARN_BLOCK_CAPTURE_AUTORELEASING = YES;
				CLANG_WARN_BOOL_CONVERSION = YES;
				CLANG_WARN_COMMA = YES;
				CLANG_WARN_CONSTANT_CONVERSION = YES;
				CLANG_WARN_DEPRECATED_OBJC_IMPLEMENTATIONS = YES;
				CLANG_WARN_DIRECT_OBJC_ISA_USAGE = YES_ERROR;
				CLANG_WARN_DOCUMENTATION_COMMENTS = YES;
				CLANG_WARN_EMPTY_BODY = YES;
				CLANG_WARN_ENUM_CONVERSION = YES;
				CLANG_WARN_INFINITE_RECURSION = YES;
				CLANG_WARN_INT_CONVERSION = YES;
				CLANG_WARN_NON_LITERAL_NULL_CONVERSION = YES;
				CLANG_WARN_OBJC_IMPLICIT_RETAIN_SELF = YES;
				CLANG_WARN_OBJC_LITERAL_CONVERSION = YES;
				CLANG_WARN_OBJC_ROOT_CLASS = YES_ERROR;
				CLANG_WARN_QUOTED_INCLUDE_IN_FRAMEWORK_HEADER = YES;
				CLANG_WARN_RANGE_LOOP_ANALYSIS = YES;
				CLANG_WARN_STRICT_PROTOTYPES = YES;
				CLANG_WARN_SUSPICIOUS_MOVE = YES;
				CLANG_WARN_UNGUARDED_AVAILABILITY = YES_AGGRESSIVE;
				CLANG_WARN_UNREACHABLE_CODE = YES;
				CLANG_WARN__DUPLICATE_METHOD_MATCH = YES;
				COPY_PHASE_STRIP = NO;
				DEAD_CODE_STRIPPING = YES;
				DEBUG_INFORMATION_FORMAT = dwarf;
				ENABLE_STRICT_OBJC_MSGSEND = YES;
				ENABLE_TESTABILITY = YES;
				GCC_C_LANGUAGE_STANDARD = gnu11;
				GCC_DYNAMIC_NO_PIC = NO;
				GCC_NO_COMMON_BLOCKS = YES;
				GCC_OPTIMIZATION_LEVEL = 0;
				GCC_PREPROCESSOR_DEFINITIONS = (
					"DEBUG=1",
					"$(inherited)",
				);
				GCC_WARN_64_TO_32_BIT_CONVERSION = YES;
				GCC_WARN_ABOUT_RETURN_TYPE = YES_ERROR;
				GCC_WARN_UNDECLARED_SELECTOR = YES;
				GCC_WARN_UNINITIALIZED_AUTOS = YES_AGGRESSIVE;
				GCC_WARN_UNUSED_FUNCTION = YES;
				GCC_WARN_UNUSED_VARIABLE = YES;
				MACOSX_DEPLOYMENT_TARGET = 12.0;
				MTL_ENABLE_DEBUG_INFO = INCLUDE_SOURCE;
				MTL_FAST_MATH = YES;
				ONLY_ACTIVE_ARCH = YES;
				SDKROOT = macosx;
				SWIFT_ACTIVE_COMPILATION_CONDITIONS = DEBUG;
				SWIFT_OPTIMIZATION_LEVEL = "-Onone";
			};
			name = Debug;
		};
		8D3BB59626BF484600AE0FE2 /* Release */ = {
			isa = XCBuildConfiguration;
			baseConfigurationReference = 8D8A1C2B288285F4006E90B2 /* GlobalConfig.xcconfig */;
			buildSettings = {
				ALWAYS_SEARCH_USER_PATHS = NO;
				CLANG_ANALYZER_NONNULL = YES;
				CLANG_ANALYZER_NUMBER_OBJECT_CONVERSION = YES_AGGRESSIVE;
				CLANG_CXX_LANGUAGE_STANDARD = "gnu++14";
				CLANG_CXX_LIBRARY = "libc++";
				CLANG_ENABLE_MODULES = YES;
				CLANG_ENABLE_OBJC_ARC = YES;
				CLANG_ENABLE_OBJC_WEAK = YES;
				CLANG_WARN_BLOCK_CAPTURE_AUTORELEASING = YES;
				CLANG_WARN_BOOL_CONVERSION = YES;
				CLANG_WARN_COMMA = YES;
				CLANG_WARN_CONSTANT_CONVERSION = YES;
				CLANG_WARN_DEPRECATED_OBJC_IMPLEMENTATIONS = YES;
				CLANG_WARN_DIRECT_OBJC_ISA_USAGE = YES_ERROR;
				CLANG_WARN_DOCUMENTATION_COMMENTS = YES;
				CLANG_WARN_EMPTY_BODY = YES;
				CLANG_WARN_ENUM_CONVERSION = YES;
				CLANG_WARN_INFINITE_RECURSION = YES;
				CLANG_WARN_INT_CONVERSION = YES;
				CLANG_WARN_NON_LITERAL_NULL_CONVERSION = YES;
				CLANG_WARN_OBJC_IMPLICIT_RETAIN_SELF = YES;
				CLANG_WARN_OBJC_LITERAL_CONVERSION = YES;
				CLANG_WARN_OBJC_ROOT_CLASS = YES_ERROR;
				CLANG_WARN_QUOTED_INCLUDE_IN_FRAMEWORK_HEADER = YES;
				CLANG_WARN_RANGE_LOOP_ANALYSIS = YES;
				CLANG_WARN_STRICT_PROTOTYPES = YES;
				CLANG_WARN_SUSPICIOUS_MOVE = YES;
				CLANG_WARN_UNGUARDED_AVAILABILITY = YES_AGGRESSIVE;
				CLANG_WARN_UNREACHABLE_CODE = YES;
				CLANG_WARN__DUPLICATE_METHOD_MATCH = YES;
				COPY_PHASE_STRIP = NO;
				DEAD_CODE_STRIPPING = YES;
				DEBUG_INFORMATION_FORMAT = "dwarf-with-dsym";
				ENABLE_NS_ASSERTIONS = NO;
				ENABLE_STRICT_OBJC_MSGSEND = YES;
				GCC_C_LANGUAGE_STANDARD = gnu11;
				GCC_NO_COMMON_BLOCKS = YES;
				GCC_WARN_64_TO_32_BIT_CONVERSION = YES;
				GCC_WARN_ABOUT_RETURN_TYPE = YES_ERROR;
				GCC_WARN_UNDECLARED_SELECTOR = YES;
				GCC_WARN_UNINITIALIZED_AUTOS = YES_AGGRESSIVE;
				GCC_WARN_UNUSED_FUNCTION = YES;
				GCC_WARN_UNUSED_VARIABLE = YES;
				MACOSX_DEPLOYMENT_TARGET = 12.0;
				MTL_ENABLE_DEBUG_INFO = NO;
				MTL_FAST_MATH = YES;
				SDKROOT = macosx;
				SWIFT_COMPILATION_MODE = wholemodule;
				SWIFT_OPTIMIZATION_LEVEL = "-O";
			};
			name = Release;
		};
		8D3BB59826BF484600AE0FE2 /* Debug */ = {
			isa = XCBuildConfiguration;
			baseConfigurationReference = 4704081D2EFD5D1671268DBD /* Pods-Eigen.debug.xcconfig */;
			buildSettings = {
				ASSETCATALOG_COMPILER_APPICON_NAME = AppIcon;
				ASSETCATALOG_COMPILER_GLOBAL_ACCENT_COLOR_NAME = AccentColor;
				CODE_SIGN_ENTITLEMENTS = Eigen/Eigen.entitlements;
				COMBINE_HIDPI_IMAGES = YES;
				DEAD_CODE_STRIPPING = YES;
				DEVELOPMENT_ASSET_PATHS = "\"Eigen/Preview Content\"";
				ENABLE_HARDENED_RUNTIME = YES;
				ENABLE_PREVIEWS = YES;
				INFOPLIST_FILE = Eigen/Info.plist;
				LD_RUNPATH_SEARCH_PATHS = (
					"$(inherited)",
					"@executable_path/../Frameworks",
				);
				MACOSX_DEPLOYMENT_TARGET = 12.0;
				PRODUCT_NAME = "$(TARGET_NAME)";
				SWIFT_VERSION = 5.0;
			};
			name = Debug;
		};
		8D3BB59926BF484600AE0FE2 /* Release */ = {
			isa = XCBuildConfiguration;
			baseConfigurationReference = 02A13B2272602682448189D0 /* Pods-Eigen.release.xcconfig */;
			buildSettings = {
				ASSETCATALOG_COMPILER_APPICON_NAME = AppIcon;
				ASSETCATALOG_COMPILER_GLOBAL_ACCENT_COLOR_NAME = AccentColor;
				CODE_SIGN_ENTITLEMENTS = Eigen/Eigen.entitlements;
				COMBINE_HIDPI_IMAGES = YES;
				DEAD_CODE_STRIPPING = YES;
				DEVELOPMENT_ASSET_PATHS = "\"Eigen/Preview Content\"";
				ENABLE_HARDENED_RUNTIME = YES;
				ENABLE_PREVIEWS = YES;
				INFOPLIST_FILE = Eigen/Info.plist;
				LD_RUNPATH_SEARCH_PATHS = (
					"$(inherited)",
					"@executable_path/../Frameworks",
				);
				MACOSX_DEPLOYMENT_TARGET = 12.0;
				PRODUCT_NAME = "$(TARGET_NAME)";
				SWIFT_VERSION = 5.0;
			};
			name = Release;
		};
/* End XCBuildConfiguration section */

/* Begin XCConfigurationList section */
		8D3BB58226BF484500AE0FE2 /* Build configuration list for PBXProject "Eigen" */ = {
			isa = XCConfigurationList;
			buildConfigurations = (
				8D3BB59526BF484600AE0FE2 /* Debug */,
				8D3BB59626BF484600AE0FE2 /* Release */,
			);
			defaultConfigurationIsVisible = 0;
			defaultConfigurationName = Release;
		};
		8D3BB59726BF484600AE0FE2 /* Build configuration list for PBXNativeTarget "Eigen" */ = {
			isa = XCConfigurationList;
			buildConfigurations = (
				8D3BB59826BF484600AE0FE2 /* Debug */,
				8D3BB59926BF484600AE0FE2 /* Release */,
			);
			defaultConfigurationIsVisible = 0;
			defaultConfigurationName = Release;
		};
/* End XCConfigurationList section */

/* Begin XCRemoteSwiftPackageReference section */
		8DE095642776C4A00034C4A3 /* XCRemoteSwiftPackageReference "SwiftUI-CachedAsyncImage" */ = {
			isa = XCRemoteSwiftPackageReference;
			repositoryURL = "https://github.com/lorenzofiamingo/SwiftUI-CachedAsyncImage";
			requirement = {
				kind = revision;
				revision = eb489a699be1f6e6c1a19fecdd6bfdc556474fd6;
			};
		};
/* End XCRemoteSwiftPackageReference section */

/* Begin XCSwiftPackageProductDependency section */
		8DE095652776C4A00034C4A3 /* CachedAsyncImage */ = {
			isa = XCSwiftPackageProductDependency;
			package = 8DE095642776C4A00034C4A3 /* XCRemoteSwiftPackageReference "SwiftUI-CachedAsyncImage" */;
			productName = CachedAsyncImage;
		};
/* End XCSwiftPackageProductDependency section */
	};
	rootObject = 8D3BB57F26BF484500AE0FE2 /* Project object */;
}
